# This file is automatically @generated by Cargo.
# It is not intended for manual editing.
version = 4

[[package]]
name = "tada"
version = "0.1.0"
dependencies = [
 "tada-adapters",
 "tada-api",
 "tada-app",
 "tada-store-pg",
]

[[package]]
name = "tada-adapters"
version = "0.1.0"
dependencies = [
 "tada-app",
]

[[package]]
name = "tada-api"
version = "0.1.0"
dependencies = [
 "tada-app",
]

[[package]]
name = "tada-app"
version = "0.1.0"
dependencies = [
 "tada-domain",
]

[[package]]
name = "tada-domain"
version = "0.1.0"

[[package]]
name = "tada-store-pg"
version = "0.1.0"
dependencies = [
 "tada-app",
]
